
Microsoft Visual Studio Solution File, Format Version 12.00
# Visual Studio Version 17
VisualStudioVersion = 17.5.33516.290
MinimumVisualStudioVersion = 10.0.40219.1
Project("{FAE04EC0-301F-11D3-BF4B-00C04F79EFBC}") = "Task01", "Task01\Task01.csproj", "{1E7DC4F9-1019-4140-8C89-2CA30C7BDCCE}"
EndProject
Project("{FAE04EC0-301F-11D3-BF4B-00C04F79EFBC}") = "Task02", "Task02\Task02.csproj", "{138C8C90-729F-4D9C-A1BE-E79442754F75}"
EndProject
Global
	GlobalSection(SolutionConfigurationPlatforms) = preSolution
		Debug|Any CPU = Debug|Any CPU
		Release|Any CPU = Release|Any CPU
	EndGlobalSection
	GlobalSection(ProjectConfigurationPlatforms) = postSolution
		{1E7DC4F9-1019-4140-8C89-2CA30C7BDCCE}.Debug|Any CPU.ActiveCfg = Debug|Any CPU
		{1E7DC4F9-1019-4140-8C89-2CA30C7BDCCE}.Debug|Any CPU.Build.0 = Debug|Any CPU
		{1E7DC4F9-1019-4140-8C89-2CA30C7BDCCE}.Release|Any CPU.ActiveCfg = Release|Any CPU
		{1E7DC4F9-1019-4140-8C89-2CA30C7BDCCE}.Release|Any CPU.Build.0 = Release|Any CPU
		{138C8C90-729F-4D9C-A1BE-E79442754F75}.Debug|Any CPU.ActiveCfg = Debug|Any CPU
		{138C8C90-729F-4D9C-A1BE-E79442754F75}.Debug|Any CPU.Build.0 = Debug|Any CPU
		{138C8C90-729F-4D9C-A1BE-E79442754F75}.Release|Any CPU.ActiveCfg = Release|Any CPU
		{138C8C90-729F-4D9C-A1BE-E79442754F75}.Release|Any CPU.Build.0 = Release|Any CPU
	EndGlobalSection
	GlobalSection(SolutionProperties) = preSolution
		HideSolutionNode = FALSE
	EndGlobalSection
	GlobalSection(ExtensibilityGlobals) = postSolution
		SolutionGuid = {06524AED-795D-48A9-9354-689A43D9084D}
	EndGlobalSection
EndGlobal
