
Microsoft Visual Studio Solution File, Format Version 12.00
# Visual Studio Version 17
VisualStudioVersion = 17.5.33516.290
MinimumVisualStudioVersion = 10.0.40219.1
Project("{9A19103F-16F7-4668-BE54-9A1E7A4F7556}") = "Task1", "Task1\Task1.csproj", "{E03D8D97-04E4-4A42-ABD1-29D6ED48A2A4}"
EndProject
Project("{FAE04EC0-301F-11D3-BF4B-00C04F79EFBC}") = "Task2", "Task2\Task2.csproj", "{023280CD-ACDA-433B-9201-74DBD75FF851}"
EndProject
Project("{FAE04EC0-301F-11D3-BF4B-00C04F79EFBC}") = "Task3", "Task3\Task3.csproj", "{4D908095-6F0B-439F-8461-5B5F6FA6ED5D}"
EndProject
Global
	GlobalSection(SolutionConfigurationPlatforms) = preSolution
		Debug|Any CPU = Debug|Any CPU
		Release|Any CPU = Release|Any CPU
	EndGlobalSection
	GlobalSection(ProjectConfigurationPlatforms) = postSolution
		{E03D8D97-04E4-4A42-ABD1-29D6ED48A2A4}.Debug|Any CPU.ActiveCfg = Debug|Any CPU
		{E03D8D97-04E4-4A42-ABD1-29D6ED48A2A4}.Debug|Any CPU.Build.0 = Debug|Any CPU
		{E03D8D97-04E4-4A42-ABD1-29D6ED48A2A4}.Release|Any CPU.ActiveCfg = Release|Any CPU
		{E03D8D97-04E4-4A42-ABD1-29D6ED48A2A4}.Release|Any CPU.Build.0 = Release|Any CPU
		{023280CD-ACDA-433B-9201-74DBD75FF851}.Debug|Any CPU.ActiveCfg = Debug|Any CPU
		{023280CD-ACDA-433B-9201-74DBD75FF851}.Debug|Any CPU.Build.0 = Debug|Any CPU
		{023280CD-ACDA-433B-9201-74DBD75FF851}.Release|Any CPU.ActiveCfg = Release|Any CPU
		{023280CD-ACDA-433B-9201-74DBD75FF851}.Release|Any CPU.Build.0 = Release|Any CPU
		{4D908095-6F0B-439F-8461-5B5F6FA6ED5D}.Debug|Any CPU.ActiveCfg = Debug|Any CPU
		{4D908095-6F0B-439F-8461-5B5F6FA6ED5D}.Debug|Any CPU.Build.0 = Debug|Any CPU
		{4D908095-6F0B-439F-8461-5B5F6FA6ED5D}.Release|Any CPU.ActiveCfg = Release|Any CPU
		{4D908095-6F0B-439F-8461-5B5F6FA6ED5D}.Release|Any CPU.Build.0 = Release|Any CPU
	EndGlobalSection
	GlobalSection(SolutionProperties) = preSolution
		HideSolutionNode = FALSE
	EndGlobalSection
	GlobalSection(ExtensibilityGlobals) = postSolution
		SolutionGuid = {65F360D1-B779-4ACC-BCBD-322DF27BAD7E}
	EndGlobalSection
EndGlobal
